
Microsoft Visual Studio Solution File, Format Version 12.00
# Visual Studio 2013
VisualStudioVersion = 12.0.31101.0
MinimumVisualStudioVersion = 10.0.40219.1
Project("{FAE04EC0-301F-11D3-BF4B-00C04F79EFBC}") = "Json", "Json.csproj", "{F641DD71-6BD2-4A54-AC8F-D3B0F7A9E5FD}"
EndProject
Project("{FAE04EC0-301F-11D3-BF4B-00C04F79EFBC}") = "SystemEx", "Libraries\SystemEx\SystemEx.csproj", "{0271E27F-E614-4B0F-AF16-05D2D2781B7F}"
EndProject
Global
	GlobalSection(SolutionConfigurationPlatforms) = preSolution
		Debug|Any CPU = Debug|Any CPU
		Release|Any CPU = Release|Any CPU
	EndGlobalSection
	GlobalSection(ProjectConfigurationPlatforms) = postSolution
		{F641DD71-6BD2-4A54-AC8F-D3B0F7A9E5FD}.Debug|Any CPU.ActiveCfg = Debug|Any CPU
		{F641DD71-6BD2-4A54-AC8F-D3B0F7A9E5FD}.Debug|Any CPU.Build.0 = Debug|Any CPU
		{F641DD71-6BD2-4A54-AC8F-D3B0F7A9E5FD}.Release|Any CPU.ActiveCfg = Release|Any CPU
		{F641DD71-6BD2-4A54-AC8F-D3B0F7A9E5FD}.Release|Any CPU.Build.0 = Release|Any CPU
		{0271E27F-E614-4B0F-AF16-05D2D2781B7F}.Debug|Any CPU.ActiveCfg = Debug|Any CPU
		{0271E27F-E614-4B0F-AF16-05D2D2781B7F}.Debug|Any CPU.Build.0 = Debug|Any CPU
		{0271E27F-E614-4B0F-AF16-05D2D2781B7F}.Release|Any CPU.ActiveCfg = Release|Any CPU
		{0271E27F-E614-4B0F-AF16-05D2D2781B7F}.Release|Any CPU.Build.0 = Release|Any CPU
	EndGlobalSection
	GlobalSection(SolutionProperties) = preSolution
		HideSolutionNode = FALSE
	EndGlobalSection
EndGlobal
